
Microsoft Visual Studio Solution File, Format Version 12.00
# Visual Studio Version 17
VisualStudioVersion = 17.7.34202.233
MinimumVisualStudioVersion = 10.0.40219.1
Project("{2150E333-8FDC-42A3-9474-1A3956D46DE8}") = "src", "src", "{8A6505D7-7702-4C2B-997A-D8F4396E3E18}"
EndProject
Project("{9A19103F-16F7-4668-BE54-9A1E7A4F7556}") = "AuctionHub", "AuctionHub\AuctionHub.csproj", "{58A4FE71-6201-41BD-97E5-6428D4E1C3C8}"
EndProject
Project("{9A19103F-16F7-4668-BE54-9A1E7A4F7556}") = "AuctionHub.Application", "AuctionHub.Application\AuctionHub.Application.csproj", "{1C9BAF9E-61C3-4A5F-85F0-009230C2B6A9}"
EndProject
Project("{9A19103F-16F7-4668-BE54-9A1E7A4F7556}") = "AuctionHub.Domain", "AuctionHub.Domain\AuctionHub.Domain.csproj", "{AA23B934-F94A-43A3-9D56-A1B793CBD2EA}"
EndProject
Project("{9A19103F-16F7-4668-BE54-9A1E7A4F7556}") = "AuctionHub.Infrastructure", "AuctionHub.Infrastructure\AuctionHub.Infrastructure.csproj", "{D69164AF-ED02-486A-AC93-F561764CC3F0}"
EndProject
Global
	GlobalSection(SolutionConfigurationPlatforms) = preSolution
		Debug|Any CPU = Debug|Any CPU
		Release|Any CPU = Release|Any CPU
	EndGlobalSection
	GlobalSection(ProjectConfigurationPlatforms) = postSolution
		{58A4FE71-6201-41BD-97E5-6428D4E1C3C8}.Debug|Any CPU.ActiveCfg = Debug|Any CPU
		{58A4FE71-6201-41BD-97E5-6428D4E1C3C8}.Debug|Any CPU.Build.0 = Debug|Any CPU
		{58A4FE71-6201-41BD-97E5-6428D4E1C3C8}.Release|Any CPU.ActiveCfg = Release|Any CPU
		{58A4FE71-6201-41BD-97E5-6428D4E1C3C8}.Release|Any CPU.Build.0 = Release|Any CPU
		{1C9BAF9E-61C3-4A5F-85F0-009230C2B6A9}.Debug|Any CPU.ActiveCfg = Debug|Any CPU
		{1C9BAF9E-61C3-4A5F-85F0-009230C2B6A9}.Debug|Any CPU.Build.0 = Debug|Any CPU
		{1C9BAF9E-61C3-4A5F-85F0-009230C2B6A9}.Release|Any CPU.ActiveCfg = Release|Any CPU
		{1C9BAF9E-61C3-4A5F-85F0-009230C2B6A9}.Release|Any CPU.Build.0 = Release|Any CPU
		{AA23B934-F94A-43A3-9D56-A1B793CBD2EA}.Debug|Any CPU.ActiveCfg = Debug|Any CPU
		{AA23B934-F94A-43A3-9D56-A1B793CBD2EA}.Debug|Any CPU.Build.0 = Debug|Any CPU
		{AA23B934-F94A-43A3-9D56-A1B793CBD2EA}.Release|Any CPU.ActiveCfg = Release|Any CPU
		{AA23B934-F94A-43A3-9D56-A1B793CBD2EA}.Release|Any CPU.Build.0 = Release|Any CPU
		{D69164AF-ED02-486A-AC93-F561764CC3F0}.Debug|Any CPU.ActiveCfg = Debug|Any CPU
		{D69164AF-ED02-486A-AC93-F561764CC3F0}.Debug|Any CPU.Build.0 = Debug|Any CPU
		{D69164AF-ED02-486A-AC93-F561764CC3F0}.Release|Any CPU.ActiveCfg = Release|Any CPU
		{D69164AF-ED02-486A-AC93-F561764CC3F0}.Release|Any CPU.Build.0 = Release|Any CPU
	EndGlobalSection
	GlobalSection(SolutionProperties) = preSolution
		HideSolutionNode = FALSE
	EndGlobalSection
	GlobalSection(NestedProjects) = preSolution
		{58A4FE71-6201-41BD-97E5-6428D4E1C3C8} = {8A6505D7-7702-4C2B-997A-D8F4396E3E18}
		{1C9BAF9E-61C3-4A5F-85F0-009230C2B6A9} = {8A6505D7-7702-4C2B-997A-D8F4396E3E18}
		{AA23B934-F94A-43A3-9D56-A1B793CBD2EA} = {8A6505D7-7702-4C2B-997A-D8F4396E3E18}
		{D69164AF-ED02-486A-AC93-F561764CC3F0} = {8A6505D7-7702-4C2B-997A-D8F4396E3E18}
	EndGlobalSection
	GlobalSection(ExtensibilityGlobals) = postSolution
		SolutionGuid = {E389B079-C9F9-4FF1-B4FC-8A9ED2DE35B8}
	EndGlobalSection
EndGlobal
